
Microsoft Visual Studio Solution File, Format Version 12.00
# Visual Studio Version 16
VisualStudioVersion = 16.0.30907.101
MinimumVisualStudioVersion = 10.0.40219.1
Project("{8BC9CEB8-8B4A-11D0-8D11-00A0C91BC942}") = "MathFunctions", "MathFunctions\MathFunctions.vcxproj", "{F599CA23-081C-4512-B7BB-2F8A659C7651}"
EndProject
Project("{8BC9CEB8-8B4A-11D0-8D11-00A0C91BC942}") = "Wrapper", "Wrapper\Wrapper.vcxproj", "{5464EF80-87F6-4898-82DD-16C915B2CF59}"
EndProject
Project("{FAE04EC0-301F-11D3-BF4B-00C04F79EFBC}") = "Tester", "Tester\Tester.csproj", "{EF6577E3-0BE0-4A0B-BAF5-58002D7AA5E3}"
EndProject
Global
	GlobalSection(SolutionConfigurationPlatforms) = preSolution
		Debug|Any CPU = Debug|Any CPU
		Debug|x64 = Debug|x64
		Debug|x86 = Debug|x86
		Release|Any CPU = Release|Any CPU
		Release|x64 = Release|x64
		Release|x86 = Release|x86
	EndGlobalSection
	GlobalSection(ProjectConfigurationPlatforms) = postSolution
		{F599CA23-081C-4512-B7BB-2F8A659C7651}.Debug|Any CPU.ActiveCfg = Debug|Win32
		{F599CA23-081C-4512-B7BB-2F8A659C7651}.Debug|x64.ActiveCfg = Debug|x64
		{F599CA23-081C-4512-B7BB-2F8A659C7651}.Debug|x64.Build.0 = Debug|x64
		{F599CA23-081C-4512-B7BB-2F8A659C7651}.Debug|x86.ActiveCfg = Debug|Win32
		{F599CA23-081C-4512-B7BB-2F8A659C7651}.Debug|x86.Build.0 = Debug|Win32
		{F599CA23-081C-4512-B7BB-2F8A659C7651}.Release|Any CPU.ActiveCfg = Release|Win32
		{F599CA23-081C-4512-B7BB-2F8A659C7651}.Release|x64.ActiveCfg = Release|x64
		{F599CA23-081C-4512-B7BB-2F8A659C7651}.Release|x64.Build.0 = Release|x64
		{F599CA23-081C-4512-B7BB-2F8A659C7651}.Release|x86.ActiveCfg = Release|Win32
		{F599CA23-081C-4512-B7BB-2F8A659C7651}.Release|x86.Build.0 = Release|Win32
		{5464EF80-87F6-4898-82DD-16C915B2CF59}.Debug|Any CPU.ActiveCfg = Debug|Win32
		{5464EF80-87F6-4898-82DD-16C915B2CF59}.Debug|x64.ActiveCfg = Debug|x64
		{5464EF80-87F6-4898-82DD-16C915B2CF59}.Debug|x64.Build.0 = Debug|x64
		{5464EF80-87F6-4898-82DD-16C915B2CF59}.Debug|x86.ActiveCfg = Debug|Win32
		{5464EF80-87F6-4898-82DD-16C915B2CF59}.Debug|x86.Build.0 = Debug|Win32
		{5464EF80-87F6-4898-82DD-16C915B2CF59}.Release|Any CPU.ActiveCfg = Release|Win32
		{5464EF80-87F6-4898-82DD-16C915B2CF59}.Release|x64.ActiveCfg = Release|x64
		{5464EF80-87F6-4898-82DD-16C915B2CF59}.Release|x64.Build.0 = Release|x64
		{5464EF80-87F6-4898-82DD-16C915B2CF59}.Release|x86.ActiveCfg = Release|Win32
		{5464EF80-87F6-4898-82DD-16C915B2CF59}.Release|x86.Build.0 = Release|Win32
		{EF6577E3-0BE0-4A0B-BAF5-58002D7AA5E3}.Debug|Any CPU.ActiveCfg = Debug|Any CPU
		{EF6577E3-0BE0-4A0B-BAF5-58002D7AA5E3}.Debug|Any CPU.Build.0 = Debug|Any CPU
		{EF6577E3-0BE0-4A0B-BAF5-58002D7AA5E3}.Debug|x64.ActiveCfg = Debug|Any CPU
		{EF6577E3-0BE0-4A0B-BAF5-58002D7AA5E3}.Debug|x64.Build.0 = Debug|Any CPU
		{EF6577E3-0BE0-4A0B-BAF5-58002D7AA5E3}.Debug|x86.ActiveCfg = Debug|Any CPU
		{EF6577E3-0BE0-4A0B-BAF5-58002D7AA5E3}.Debug|x86.Build.0 = Debug|Any CPU
		{EF6577E3-0BE0-4A0B-BAF5-58002D7AA5E3}.Release|Any CPU.ActiveCfg = Release|Any CPU
		{EF6577E3-0BE0-4A0B-BAF5-58002D7AA5E3}.Release|Any CPU.Build.0 = Release|Any CPU
		{EF6577E3-0BE0-4A0B-BAF5-58002D7AA5E3}.Release|x64.ActiveCfg = Release|Any CPU
		{EF6577E3-0BE0-4A0B-BAF5-58002D7AA5E3}.Release|x64.Build.0 = Release|Any CPU
		{EF6577E3-0BE0-4A0B-BAF5-58002D7AA5E3}.Release|x86.ActiveCfg = Release|Any CPU
		{EF6577E3-0BE0-4A0B-BAF5-58002D7AA5E3}.Release|x86.Build.0 = Release|Any CPU
	EndGlobalSection
	GlobalSection(SolutionProperties) = preSolution
		HideSolutionNode = FALSE
	EndGlobalSection
	GlobalSection(ExtensibilityGlobals) = postSolution
		SolutionGuid = {C2898F3B-1395-4084-BD96-774DA40F5C5F}
	EndGlobalSection
EndGlobal
